{
  "name": "instagram-clone",
  "version": "1.0.0",
  "lockfileVersion": 1,
  "requires": true,
  "dependencies": {
    "typed-graphql": {
      "version": "1.0.2",
      "resolved": "https://registry.npmjs.org/typed-graphql/-/typed-graphql-1.0.2.tgz",
      "integrity": "sha1-TA94h3XVUt9NTsPXPyVGklL0D7g="
    }
  }
}
